// !$*UTF8*$!
{
	archiveVersion = 1;
	classes = {
	};
	objectVersion = 46;
	objects = {

/* Begin PBXBuildFile section */
		3D3426971F71571E007E9907 /* ResourcePath.mm in Sources */ = {isa = PBXBuildFile; fileRef = 3D3426961F71571E007E9907 /* ResourcePath.mm */; };
		3D34269A1F71571E007E9907 /* main.cpp in Sources */ = {isa = PBXBuildFile; fileRef = 3D3426991F71571E007E9907 /* main.cpp */; };
		3D3426A11F71571E007E9907 /* sansation.ttf in Resources */ = {isa = PBXBuildFile; fileRef = 3D3426A01F71571E007E9907 /* sansation.ttf */; };
		3D3426B51F7168BD007E9907 /* music.ogg in Resources */ = {isa = PBXBuildFile; fileRef = 3D3426B41F7168BD007E9907 /* music.ogg */; };
		3D3426B81F716B92007E9907 /* SceneManager.cpp in Sources */ = {isa = PBXBuildFile; fileRef = 3D3426B61F716B92007E9907 /* SceneManager.cpp */; };
		3D3426BB1F716F27007E9907 /* GameObject.cpp in Sources */ = {isa = PBXBuildFile; fileRef = 3D3426B91F716F27007E9907 /* GameObject.cpp */; };
		3D6040FA1F79082400DAB40B /* Utils.cpp in Sources */ = {isa = PBXBuildFile; fileRef = 3D6040F81F79082400DAB40B /* Utils.cpp */; };
		3DA00CC01F72915100F9B62E /* Road.cpp in Sources */ = {isa = PBXBuildFile; fileRef = 3DA00CBE1F72915100F9B62E /* Road.cpp */; };
		3DA00CC41F72B69A00F9B62E /* Car.png in Resources */ = {isa = PBXBuildFile; fileRef = 3DA00CC31F72B69A00F9B62E /* Car.png */; };
		3DAAF31D1F785C7B00AF0AEE /* Collider.cpp in Sources */ = {isa = PBXBuildFile; fileRef = 3DAAF31B1F785C7B00AF0AEE /* Collider.cpp */; };
		3DDBF3AD1F72F9BD00526289 /* MovableObject.cpp in Sources */ = {isa = PBXBuildFile; fileRef = 3DDBF3AB1F72F9BD00526289 /* MovableObject.cpp */; };
		3DECAD5A1F72C6480041CBF6 /* road.jpg in Resources */ = {isa = PBXBuildFile; fileRef = 3DECAD591F72C6480041CBF6 /* road.jpg */; };
		3DECAD5C1F72C6C40041CBF6 /* obstruction.jpg in Resources */ = {isa = PBXBuildFile; fileRef = 3DECAD5B1F72C6C40041CBF6 /* obstruction.jpg */; };
/* End PBXBuildFile section */

/* Begin PBXFileReference section */
		3D3426911F71571E007E9907 /* Game.app */ = {isa = PBXFileReference; explicitFileType = wrapper.application; includeInIndex = 0; path = Game.app; sourceTree = BUILT_PRODUCTS_DIR; };
		3D3426951F71571E007E9907 /* Game-Info.plist */ = {isa = PBXFileReference; lastKnownFileType = text.plist.xml; path = "Game-Info.plist"; sourceTree = "<group>"; };
		3D3426961F71571E007E9907 /* ResourcePath.mm */ = {isa = PBXFileReference; lastKnownFileType = sourcecode.cpp.objcpp; path = ResourcePath.mm; sourceTree = "<group>"; };
		3D3426981F71571E007E9907 /* ResourcePath.hpp */ = {isa = PBXFileReference; lastKnownFileType = sourcecode.cpp.h; path = ResourcePath.hpp; sourceTree = "<group>"; };
		3D3426991F71571E007E9907 /* main.cpp */ = {isa = PBXFileReference; lastKnownFileType = sourcecode.cpp.cpp; path = main.cpp; sourceTree = "<group>"; };
		3D3426A01F71571E007E9907 /* sansation.ttf */ = {isa = PBXFileReference; lastKnownFileType = file; path = sansation.ttf; sourceTree = "<group>"; };
		3D3426B41F7168BD007E9907 /* music.ogg */ = {isa = PBXFileReference; lastKnownFileType = file; path = music.ogg; sourceTree = "<group>"; };
		3D3426B61F716B92007E9907 /* SceneManager.cpp */ = {isa = PBXFileReference; fileEncoding = 4; lastKnownFileType = sourcecode.cpp.cpp; name = SceneManager.cpp; path = Classes/SceneManager.cpp; sourceTree = "<group>"; };
		3D3426B71F716B92007E9907 /* SceneManager.hpp */ = {isa = PBXFileReference; fileEncoding = 4; lastKnownFileType = sourcecode.cpp.h; name = SceneManager.hpp; path = Classes/SceneManager.hpp; sourceTree = "<group>"; };
		3D3426B91F716F27007E9907 /* GameObject.cpp */ = {isa = PBXFileReference; fileEncoding = 4; lastKnownFileType = sourcecode.cpp.cpp; name = GameObject.cpp; path = Classes/GameObject.cpp; sourceTree = "<group>"; };
		3D3426BA1F716F27007E9907 /* GameObject.hpp */ = {isa = PBXFileReference; fileEncoding = 4; lastKnownFileType = sourcecode.cpp.h; name = GameObject.hpp; path = Classes/GameObject.hpp; sourceTree = "<group>"; };
		3D6040F81F79082400DAB40B /* Utils.cpp */ = {isa = PBXFileReference; fileEncoding = 4; lastKnownFileType = sourcecode.cpp.cpp; path = Utils.cpp; sourceTree = "<group>"; };
		3D6040F91F79082400DAB40B /* Utils.hpp */ = {isa = PBXFileReference; fileEncoding = 4; lastKnownFileType = sourcecode.cpp.h; path = Utils.hpp; sourceTree = "<group>"; };
		3DA00CBE1F72915100F9B62E /* Road.cpp */ = {isa = PBXFileReference; fileEncoding = 4; lastKnownFileType = sourcecode.cpp.cpp; name = Road.cpp; path = Classes/Road.cpp; sourceTree = "<group>"; };
		3DA00CBF1F72915100F9B62E /* Road.hpp */ = {isa = PBXFileReference; fileEncoding = 4; lastKnownFileType = sourcecode.cpp.h; name = Road.hpp; path = Classes/Road.hpp; sourceTree = "<group>"; };
		3DA00CC31F72B69A00F9B62E /* Car.png */ = {isa = PBXFileReference; lastKnownFileType = image.png; path = Car.png; sourceTree = "<group>"; };
		3DAAF31B1F785C7B00AF0AEE /* Collider.cpp */ = {isa = PBXFileReference; fileEncoding = 4; lastKnownFileType = sourcecode.cpp.cpp; name = Collider.cpp; path = Classes/Collider.cpp; sourceTree = "<group>"; };
		3DAAF31C1F785C7B00AF0AEE /* Collider.hpp */ = {isa = PBXFileReference; fileEncoding = 4; lastKnownFileType = sourcecode.cpp.h; name = Collider.hpp; path = Classes/Collider.hpp; sourceTree = "<group>"; };
		3DDBF3AB1F72F9BD00526289 /* MovableObject.cpp */ = {isa = PBXFileReference; fileEncoding = 4; lastKnownFileType = sourcecode.cpp.cpp; name = MovableObject.cpp; path = Classes/MovableObject.cpp; sourceTree = "<group>"; };
		3DDBF3AC1F72F9BD00526289 /* MovableObject.hpp */ = {isa = PBXFileReference; fileEncoding = 4; lastKnownFileType = sourcecode.cpp.h; name = MovableObject.hpp; path = Classes/MovableObject.hpp; sourceTree = "<group>"; };
		3DECAD591F72C6480041CBF6 /* road.jpg */ = {isa = PBXFileReference; lastKnownFileType = image.jpeg; path = road.jpg; sourceTree = "<group>"; };
		3DECAD5B1F72C6C40041CBF6 /* obstruction.jpg */ = {isa = PBXFileReference; lastKnownFileType = image.jpeg; path = obstruction.jpg; sourceTree = "<group>"; };
/* End PBXFileReference section */

/* Begin PBXFrameworksBuildPhase section */
		3D34268D1F71571E007E9907 /* Frameworks */ = {
			isa = PBXFrameworksBuildPhase;
			buildActionMask = 2147483647;
			files = (
			);
			runOnlyForDeploymentPostprocessing = 0;
		};
/* End PBXFrameworksBuildPhase section */

/* Begin PBXGroup section */
		3D3426871F71571E007E9907 = {
			isa = PBXGroup;
			children = (
				3D3426931F71571E007E9907 /* Game */,
				3D3426921F71571E007E9907 /* Products */,
			);
			sourceTree = "<group>";
		};
		3D3426921F71571E007E9907 /* Products */ = {
			isa = PBXGroup;
			children = (
				3D3426911F71571E007E9907 /* Game.app */,
			);
			name = Products;
			sourceTree = "<group>";
		};
		3D3426931F71571E007E9907 /* Game */ = {
			isa = PBXGroup;
			children = (
				3D3426991F71571E007E9907 /* main.cpp */,
				3D34269B1F71571E007E9907 /* Resources */,
				3D3426961F71571E007E9907 /* ResourcePath.mm */,
				3D3426981F71571E007E9907 /* ResourcePath.hpp */,
				3DAAF31C1F785C7B00AF0AEE /* Collider.hpp */,
				3DAAF31B1F785C7B00AF0AEE /* Collider.cpp */,
				3D6040F81F79082400DAB40B /* Utils.cpp */,
				3D6040F91F79082400DAB40B /* Utils.hpp */,
				3DDBF3AB1F72F9BD00526289 /* MovableObject.cpp */,
				3DDBF3AC1F72F9BD00526289 /* MovableObject.hpp */,
				3DA00CBE1F72915100F9B62E /* Road.cpp */,
				3DA00CBF1F72915100F9B62E /* Road.hpp */,
				3D3426B61F716B92007E9907 /* SceneManager.cpp */,
				3D3426B71F716B92007E9907 /* SceneManager.hpp */,
				3D3426B91F716F27007E9907 /* GameObject.cpp */,
				3D3426BA1F716F27007E9907 /* GameObject.hpp */,
				3D3426941F71571E007E9907 /* Supporting Files */,
			);
			path = Game;
			sourceTree = "<group>";
		};
		3D3426941F71571E007E9907 /* Supporting Files */ = {
			isa = PBXGroup;
			children = (
				3D3426951F71571E007E9907 /* Game-Info.plist */,
			);
			name = "Supporting Files";
			sourceTree = "<group>";
		};
		3D34269B1F71571E007E9907 /* Resources */ = {
			isa = PBXGroup;
			children = (
				3DECAD5B1F72C6C40041CBF6 /* obstruction.jpg */,
				3DECAD591F72C6480041CBF6 /* road.jpg */,
				3DA00CC31F72B69A00F9B62E /* Car.png */,
				3D3426B41F7168BD007E9907 /* music.ogg */,
				3D3426A01F71571E007E9907 /* sansation.ttf */,
			);
			name = Resources;
			sourceTree = "<group>";
		};
/* End PBXGroup section */

/* Begin PBXNativeTarget section */
		3D3426901F71571E007E9907 /* Game */ = {
			isa = PBXNativeTarget;
			buildConfigurationList = 3D3426A61F71571E007E9907 /* Build configuration list for PBXNativeTarget "Game" */;
			buildPhases = (
				3D34268C1F71571E007E9907 /* Sources */,
				3D34268D1F71571E007E9907 /* Frameworks */,
				3D34268E1F71571E007E9907 /* Resources */,
				3D34268F1F71571E007E9907 /* ShellScript */,
			);
			buildRules = (
			);
			dependencies = (
			);
			name = Game;
			productName = Game;
			productReference = 3D3426911F71571E007E9907 /* Game.app */;
			productType = "com.apple.product-type.application";
		};
/* End PBXNativeTarget section */

/* Begin PBXProject section */
		3D3426881F71571E007E9907 /* Project object */ = {
			isa = PBXProject;
			attributes = {
				LastUpgradeCheck = 0830;
				ORGANIZATIONNAME = test;
				TargetAttributes = {
					3D3426901F71571E007E9907 = {
						CreatedOnToolsVersion = 8.3.3;
						DevelopmentTeam = ZU3A659VR8;
						ProvisioningStyle = Automatic;
					};
				};
			};
			buildConfigurationList = 3D34268B1F71571E007E9907 /* Build configuration list for PBXProject "Game" */;
			compatibilityVersion = "Xcode 3.2";
			developmentRegion = English;
			hasScannedForEncodings = 0;
			knownRegions = (
				en,
			);
			mainGroup = 3D3426871F71571E007E9907;
			productRefGroup = 3D3426921F71571E007E9907 /* Products */;
			projectDirPath = "";
			projectRoot = "";
			targets = (
				3D3426901F71571E007E9907 /* Game */,
			);
		};
/* End PBXProject section */

/* Begin PBXResourcesBuildPhase section */
		3D34268E1F71571E007E9907 /* Resources */ = {
			isa = PBXResourcesBuildPhase;
			buildActionMask = 2147483647;
			files = (
				3DA00CC41F72B69A00F9B62E /* Car.png in Resources */,
				3DECAD5A1F72C6480041CBF6 /* road.jpg in Resources */,
				3D3426A11F71571E007E9907 /* sansation.ttf in Resources */,
				3DECAD5C1F72C6C40041CBF6 /* obstruction.jpg in Resources */,
				3D3426B51F7168BD007E9907 /* music.ogg in Resources */,
			);
			runOnlyForDeploymentPostprocessing = 0;
		};
/* End PBXResourcesBuildPhase section */

/* Begin PBXShellScriptBuildPhase section */
		3D34268F1F71571E007E9907 /* ShellScript */ = {
			isa = PBXShellScriptBuildPhase;
			buildActionMask = 2147483647;
			files = (
			);
			inputPaths = (
			);
			outputPaths = (
			);
			runOnlyForDeploymentPostprocessing = 0;
			shellPath = /bin/sh;
			shellScript = "# This shell script simply copies required SFML dylibs/frameworks into the application bundle frameworks folder.\n# If you're using static libraries (which is not recommended) you should remove this script from your project.\n\n# SETTINGS\nCMAKE_INSTALL_FRAMEWORK_PREFIX=\"/Library/Frameworks\"\nCMAKE_INSTALL_LIB_PREFIX=\"/usr/local/lib\"\nFRAMEWORKS_FULL_PATH=\"$BUILT_PRODUCTS_DIR/$FRAMEWORKS_FOLDER_PATH/\"\n\n# Are we building a project that uses frameworks or dylibs?\ncase \"$SFML_BINARY_TYPE\" in\n    DYLIBS)\n        frameworks=\"false\"\n        ;;\n    *)\n        frameworks=\"true\"\n        ;;\nesac\n\n# Echoes to stderr\nerror () # $* message to display\n{\n    echo $* 1>&2\n    exit 2\n}\n\nassert () # $1 is a boolean, $2...N is an error message\n{\n    if [ $# -lt 2 ]\n    then\n        error \"Internal error in assert: not enough args\"\n    fi\n\n    if [ $1 -ne 0 ]\n    then\n        shift\n        error \"$*\"\n    fi\n}\n\nforce_remove () # $@ is some paths\n{\n    test $# -ge 1\n    assert $? \"force_remove() requires at least one parameter\"\n    rm -fr $@\n    assert $? \"couldn't remove $@\"\n}\n\ncopy () # $1 is a source, $2 is a destination\n{\n    test $# -eq 2\n    assert $? \"copy() requires two parameters\"\n    ditto \"$1\" \"$2\"\n    assert $? \"couldn't copy $1 to $2\"\n}\n\nrequire () # $1 is a SFML module like 'system' or 'audio'\n{\n    dest=\"$BUILT_PRODUCTS_DIR/$FRAMEWORKS_FOLDER_PATH/\"\n\n    if [ -z \"$1\" ]\n    then\n        error \"require() requires one parameter!\"\n    else\n        # clean potentially old stuff\n        force_remove \"$dest/libsfml-$1\"*\n        force_remove \"$dest/sfml-$1.framework\"\n\n        # copy SFML libraries\n        if [ \"$frameworks\" = \"true\" ]\n        then\n            source=\"$CMAKE_INSTALL_FRAMEWORK_PREFIX/sfml-$1.framework\"\n            target=\"sfml-$1.framework\"\n        elif [ \"$SFML_LINK_DYLIBS_SUFFIX\" = \"-d\" ]\n        then\n            source=\"$CMAKE_INSTALL_LIB_PREFIX/libsfml-$1-d.dylib\"\n            target=\"`readlink $source`\"\n        else\n            source=\"$CMAKE_INSTALL_LIB_PREFIX/libsfml-$1.dylib\"\n            target=\"`readlink $source`\"\n        fi\n\n        copy \"$source\" \"$dest/$target\"\n\n        # copy extra dependencies\n        if [ \"$1\" = \"audio\" ]\n        then\n            # copy \"FLAC\" \"ogg\" \"vorbis\" \"vorbisenc\" \"vorbisfile\" \"OpenAL\" frameworks too\n            for f in \"FLAC\" \"ogg\" \"vorbis\" \"vorbisenc\" \"vorbisfile\" \"OpenAL\"\n            do\n                copy \"$CMAKE_INSTALL_FRAMEWORK_PREFIX/$f.framework\" \"$dest/$f.framework\"\n            done\n        elif [ \"$1\" = \"graphics\" ]\n        then\n            copy \"$CMAKE_INSTALL_FRAMEWORK_PREFIX/freetype.framework\" \"$dest/freetype.framework\"\n        fi\n    fi\n}\n\nif [ -n \"$SFML_SYSTEM\" ]\nthen\n    require \"system\"\nfi\n\nif [ -n \"$SFML_AUDIO\" ]\nthen\n    require \"audio\"\nfi\n\nif [ -n \"$SFML_NETWORK\" ]\nthen\n    require \"network\"\nfi\n\nif [ -n \"$SFML_WINDOW\" ]\nthen\n    require \"window\"\nfi\n\nif [ -n \"$SFML_GRAPHICS\" ]\nthen\n    require \"graphics\"\nfi\n\n                ";
		};
/* End PBXShellScriptBuildPhase section */

/* Begin PBXSourcesBuildPhase section */
		3D34268C1F71571E007E9907 /* Sources */ = {
			isa = PBXSourcesBuildPhase;
			buildActionMask = 2147483647;
			files = (
				3D3426BB1F716F27007E9907 /* GameObject.cpp in Sources */,
				3DAAF31D1F785C7B00AF0AEE /* Collider.cpp in Sources */,
				3D34269A1F71571E007E9907 /* main.cpp in Sources */,
				3D6040FA1F79082400DAB40B /* Utils.cpp in Sources */,
				3D3426971F71571E007E9907 /* ResourcePath.mm in Sources */,
				3DDBF3AD1F72F9BD00526289 /* MovableObject.cpp in Sources */,
				3DA00CC01F72915100F9B62E /* Road.cpp in Sources */,
				3D3426B81F716B92007E9907 /* SceneManager.cpp in Sources */,
			);
			runOnlyForDeploymentPostprocessing = 0;
		};
/* End PBXSourcesBuildPhase section */

/* Begin XCBuildConfiguration section */
		3D3426A41F71571E007E9907 /* Debug */ = {
			isa = XCBuildConfiguration;
			buildSettings = {
				ARCHS = "$(NATIVE_ARCH_ACTUAL)";
				CLANG_CXX_LANGUAGE_STANDARD = "c++0x";
				CLANG_CXX_LIBRARY = "libc++";
				FRAMEWORK_SEARCH_PATHS = (
					/Library/Frameworks/,
					"$(inherited)",
				);
				GCC_VERSION = com.apple.compilers.llvm.clang.1_0;
				HEADER_SEARCH_PATHS = (
					/usr/local/include/,
					"$(inherited)",
				);
				LIBRARY_SEARCH_PATHS = (
					/usr/local/lib/,
					"$(inherited)",
				);
				MACOSX_DEPLOYMENT_TARGET = 10.7;
				OTHER_LDFLAGS = (
					"$(inherited)",
					"$(SFML_SYSTEM)",
					"$(SFML_WINDOW)",
					"$(SFML_GRAPHICS)",
					"$(SFML_AUDIO)",
					"$(SFML_NETWORK)",
				);
				SFML_AUDIO = "$(SFML_LINK_PREFIX) sfml-audio$(SFML_LINK_SUFFIX)";
				SFML_BINARY_TYPE = FRAMEWORKS;
				SFML_GRAPHICS = "$(SFML_LINK_PREFIX) sfml-graphics$(SFML_LINK_SUFFIX)";
				SFML_LINK_DYLIBS_PREFIX = "-l";
				SFML_LINK_DYLIBS_SUFFIX = "";
				SFML_LINK_FRAMEWORKS_PREFIX = "-framework";
				SFML_LINK_FRAMEWORKS_SUFFIX = "";
				SFML_LINK_PREFIX = "$(SFML_LINK_$(SFML_BINARY_TYPE)_PREFIX)";
				SFML_LINK_SUFFIX = "$(SFML_LINK_$(SFML_BINARY_TYPE)_SUFFIX)";
				SFML_NETWORK = "$(SFML_LINK_PREFIX) sfml-network$(SFML_LINK_SUFFIX)";
				SFML_SYSTEM = "$(SFML_LINK_PREFIX) sfml-system$(SFML_LINK_SUFFIX)";
				SFML_WINDOW = "$(SFML_LINK_PREFIX) sfml-window$(SFML_LINK_SUFFIX)";
				SUPPORTED_PLATFORMS = macosx;
			};
			name = Debug;
		};
		3D3426A51F71571E007E9907 /* Release */ = {
			isa = XCBuildConfiguration;
			buildSettings = {
				ARCHS = "$(NATIVE_ARCH_ACTUAL)";
				CLANG_CXX_LANGUAGE_STANDARD = "c++0x";
				CLANG_CXX_LIBRARY = "libc++";
				FRAMEWORK_SEARCH_PATHS = (
					/Library/Frameworks/,
					"$(inherited)",
				);
				GCC_VERSION = com.apple.compilers.llvm.clang.1_0;
				HEADER_SEARCH_PATHS = (
					/usr/local/include/,
					"$(inherited)",
				);
				LIBRARY_SEARCH_PATHS = (
					/usr/local/lib/,
					"$(inherited)",
				);
				MACOSX_DEPLOYMENT_TARGET = 10.7;
				OTHER_LDFLAGS = (
					"$(inherited)",
					"$(SFML_SYSTEM)",
					"$(SFML_WINDOW)",
					"$(SFML_GRAPHICS)",
					"$(SFML_AUDIO)",
					"$(SFML_NETWORK)",
				);
				SFML_AUDIO = "$(SFML_LINK_PREFIX) sfml-audio$(SFML_LINK_SUFFIX)";
				SFML_BINARY_TYPE = FRAMEWORKS;
				SFML_GRAPHICS = "$(SFML_LINK_PREFIX) sfml-graphics$(SFML_LINK_SUFFIX)";
				SFML_LINK_DYLIBS_PREFIX = "-l";
				SFML_LINK_DYLIBS_SUFFIX = "";
				SFML_LINK_FRAMEWORKS_PREFIX = "-framework";
				SFML_LINK_FRAMEWORKS_SUFFIX = "";
				SFML_LINK_PREFIX = "$(SFML_LINK_$(SFML_BINARY_TYPE)_PREFIX)";
				SFML_LINK_SUFFIX = "$(SFML_LINK_$(SFML_BINARY_TYPE)_SUFFIX)";
				SFML_NETWORK = "$(SFML_LINK_PREFIX) sfml-network$(SFML_LINK_SUFFIX)";
				SFML_SYSTEM = "$(SFML_LINK_PREFIX) sfml-system$(SFML_LINK_SUFFIX)";
				SFML_WINDOW = "$(SFML_LINK_PREFIX) sfml-window$(SFML_LINK_SUFFIX)";
				SUPPORTED_PLATFORMS = macosx;
			};
			name = Release;
		};
		3D3426A71F71571E007E9907 /* Debug */ = {
			isa = XCBuildConfiguration;
			buildSettings = {
				DEVELOPMENT_TEAM = ZU3A659VR8;
				INFOPLIST_FILE = "Game/Game-Info.plist";
				LD_RUNPATH_SEARCH_PATHS = "@loader_path/../Frameworks";
				PRODUCT_NAME = "$(TARGET_NAME)";
			};
			name = Debug;
		};
		3D3426A81F71571E007E9907 /* Release */ = {
			isa = XCBuildConfiguration;
			buildSettings = {
				DEVELOPMENT_TEAM = ZU3A659VR8;
				INFOPLIST_FILE = "Game/Game-Info.plist";
				LD_RUNPATH_SEARCH_PATHS = "@loader_path/../Frameworks";
				PRODUCT_NAME = "$(TARGET_NAME)";
			};
			name = Release;
		};
/* End XCBuildConfiguration section */

/* Begin XCConfigurationList section */
		3D34268B1F71571E007E9907 /* Build configuration list for PBXProject "Game" */ = {
			isa = XCConfigurationList;
			buildConfigurations = (
				3D3426A41F71571E007E9907 /* Debug */,
				3D3426A51F71571E007E9907 /* Release */,
			);
			defaultConfigurationIsVisible = 0;
			defaultConfigurationName = Release;
		};
		3D3426A61F71571E007E9907 /* Build configuration list for PBXNativeTarget "Game" */ = {
			isa = XCConfigurationList;
			buildConfigurations = (
				3D3426A71F71571E007E9907 /* Debug */,
				3D3426A81F71571E007E9907 /* Release */,
			);
			defaultConfigurationIsVisible = 0;
			defaultConfigurationName = Release;
		};
/* End XCConfigurationList section */
	};
	rootObject = 3D3426881F71571E007E9907 /* Project object */;
}
